# This file is automatically @generated by Poetry and should not be changed manually.

[[package]]
name = "boto3"
version = "1.28.0"
description = "The AWS SDK for Python"
category = "main"
optional = false
python-versions = ">=3.7"
files = []

[[package]]
name = "mcp"
version = "1.9.2"
description = "Model Context Protocol (MCP) Python package"
category = "main"
optional = false
python-versions = ">=3.9"
files = []

[[package]]
name = "mcp-server-time"
version = "0.1.0"
description = "MCP time server"
category = "main"
optional = false
python-versions = ">=3.9"
files = []

[[package]]
name = "pydantic"
version = "2.11.5"
description = "Data validation using Python type hints"
category = "main"
optional = false
python-versions = ">=3.8"
files = []

[[package]]
name = "run-mcp-servers-with-aws-lambda"
version = "0.2.1.post2.dev0+254672e"
description = "Run MCP servers with AWS Lambda"
category = "main"
optional = false
python-versions = "*"
develop = false
files = []

[package.source]
type = "file"
url = "./run_mcp_servers_with_aws_lambda-0.2.1.post2.dev0+254672e-py3-none-any.whl"

[[package]]
name = "uv"
version = "0.7.12"
description = "An extremely fast Python package installer and resolver"
category = "main"
optional = false
python-versions = ">=3.8"
files = []

[metadata]
lock-version = "2.0"
python-versions = "^3.9"
content-hash = "5379aa0a2b6615120397efa801723e5c1d6988813717e2f0430dc18fafab57e2"