# This file is automatically @generated by Poetry and should not be changed manually.

[[package]]
name = "pillow"
version = "11.2.1"
description = "Python Imaging Library (Fork)"
category = "main"
optional = false
python-versions = ">=3.9"
files = []

[[package]]
name = "run-mcp-servers-with-aws-lambda"
version = "0.2.1.post2.dev0+254672e"
description = "Run MCP servers with AWS Lambda"
category = "main"
optional = false
python-versions = "*"
develop = false
files = []

[package.source]
type = "file"
url = "./run_mcp_servers_with_aws_lambda-0.2.1.post2.dev0+254672e-py3-none-any.whl"

[[package]]
name = "strands-agents"
version = "0.1.5"
description = "Strands Agents Library"
category = "main"
optional = false
python-versions = ">=3.9"
files = []

[[package]]
name = "strands-agents-tools"
version = "0.1.5"
description = "Tools for Strands Agents"
category = "main"
optional = false
python-versions = ">=3.9"
files = []

[metadata]
lock-version = "2.0"
python-versions = "^3.9"
content-hash = "2e958d28b58927abb1fe794f8db149ce07122145968eb838a9c06e18344cacf8"