[[package]]
name = "boto3"
version = "1.34.88"
description = "The AWS SDK for Python"
category = "main"
optional = false
python-versions = ">= 3.8"

[package.dependencies]
botocore = ">=1.34.88,<1.35.0"
jmespath = ">=0.7.1,<2.0.0"
s3transfer = ">=0.7.0,<0.8.0"

[[package]]
name = "botocore"
version = "1.34.88"
description = "Low-level, data-driven core of boto 3."
category = "main"
optional = false
python-versions = ">= 3.8"

[package.dependencies]
jmespath = ">=0.7.1,<2.0.0"
python-dateutil = ">=2.1,<3.0.0"
urllib3 = ">=1.25.4,<2.1"

[[package]]
name = "colorama"
version = "0.4.6"
description = "Cross-platform colored terminal text."
category = "dev"
optional = false
python-versions = "!=3.0.*,!=3.1.*,!=3.2.*,!=3.3.*,!=3.4.*,!=3.5.*,!=3.6.*,>=2.7"

[[package]]
name = "iniconfig"
version = "2.0.0"
description = "brain-dead simple config-ini parsing"
category = "dev"
optional = false
python-versions = ">=3.7"

[[package]]
name = "jmespath"
version = "1.0.1"
description = "JSON Matching Expressions"
category = "main"
optional = false
python-versions = ">=3.7"

[[package]]
name = "packaging"
version = "24.1"
description = "Core utilities for Python packages"
category = "dev"
optional = false
python-versions = ">=3.7"

[[package]]
name = "pillow"
version = "11.2.1"
description = "Python Imaging Library (Fork)"
category = "main"
optional = false
python-versions = ">=3.9"

[[package]]
name = "pluggy"
version = "1.5.0"
description = "plugin and hook calling mechanisms for python"
category = "dev"
optional = false
python-versions = ">=3.8"

[package.extras]
dev = ["pre-commit", "tox"]
testing = ["pytest", "pytest-benchmark"]

[[package]]
name = "pytest"
version = "7.4.4"
description = "pytest: simple powerful testing with Python"
category = "dev"
optional = false
python-versions = ">=3.7"

[package.dependencies]
colorama = {version = "*", markers = "sys_platform == \"win32\""}
iniconfig = "*"
packaging = "*"
pluggy = ">=0.12,<2.0"

[package.extras]
testing = ["argcomplete", "attrs (>=19.2.0)", "hypothesis (>=3.56)", "mock", "nose", "pygments (>=2.7.2)", "requests", "setuptools", "xmlschema"]

[[package]]
name = "python-dateutil"
version = "2.9.0"
description = "Extensions to the standard Python datetime module"
category = "main"
optional = false
python-versions = "!=3.0.*,!=3.1.*,!=3.2.*,>=2.7"

[package.dependencies]
six = ">=1.5"

[[package]]
name = "s3transfer"
version = "0.7.0"
description = "An Amazon S3 Transfer Manager"
category = "main"
optional = false
python-versions = ">= 3.8"

[package.dependencies]
botocore = ">=1.15.0,<2.0a.0"

[[package]]
name = "six"
version = "1.16.0"
description = "Python 2 and 3 compatibility utilities"
category = "main"
optional = false
python-versions = ">=2.7, !=3.0.*, !=3.1.*, !=3.2.*"

[[package]]
name = "strands-agents"
version = "0.1.16"
description = "SDK for creating LLM-powered agents"
category = "main"
optional = false
python-versions = ">=3.9,<4.0"

[package.dependencies]
boto3 = ">=1.28.53"
mcp-python = {version = ">=1.9.0", optional = true, markers = "extra == \"mcp\""}
pydantic = ">=2.0.0"
typing-extensions = ">=4.5.0"

[package.extras]
all = ["mcp-python (>=1.9.0)"]
dev = ["pre-commit (>=3.3.3)", "pylint (>=2.17.5)", "pytest (>=7.4.0)", "pytest-cov (>=4.1.0)", "pytest-random-order (>=1.1.0)", "nbformat (>=5.9.2)", "nbconvert (>=7.8.0)", "mcp-python (>=1.9.0)"]
mcp = ["mcp-python (>=1.9.0)"]

[[package]]
name = "strands-agents-tools"
version = "0.1.16"
description = "Collection of tools for use with strands_agents"
category = "main"
optional = false
python-versions = ">=3.9,<4.0"

[package.dependencies]
strands-agents = ">=0.1.16,<0.2.0"

[[package]]
name = "typing-extensions"
version = "4.12.1"
description = "Backported and Experimental Type Hints for Python 3.8+"
category = "main"
optional = false
python-versions = ">=3.8"

[[package]]
name = "urllib3"
version = "1.26.18"
description = "HTTP library with thread-safe connection pooling, file post, and more."
category = "main"
optional = false
python-versions = ">=2.7, !=3.0.*, !=3.1.*, !=3.2.*, !=3.3.*, !=3.4.*, !=3.5.*"

[package.extras]
brotli = ["brotlicffi (>=0.8.0)", "brotli (>=1.0.9)", "brotlipy (>=0.6.0)"]
secure = ["pyOpenSSL (>=0.14)", "cryptography (>=1.3.4)", "idna (>=2.0.0)", "certifi", "urllib3-secure-extra", "ipaddress"]
socks = ["PySocks (>=1.5.6,!=1.5.7,<2.0)"]

[metadata]
lock-version = "1.1"
python-versions = "^3.9"
content-hash = "ed35e0c7aa29d97fb7c7df4eeffdca45d8fc6ec394a6d08a9d15c49aff3d3dfc"

[metadata.files]
boto3 = []
botocore = []
colorama = []
iniconfig = []
jmespath = []
packaging = []
pillow = []
pluggy = []
pytest = []
python-dateutil = []
s3transfer = []
six = []
strands-agents = []
strands-agents-tools = []
typing-extensions = []
urllib3 = []